
Microsoft Visual Studio Solution File, Format Version 12.00
# Visual Studio Version 17
VisualStudioVersion = 17.13.35931.197 d17.13
MinimumVisualStudioVersion = 10.0.40219.1
Project("{FAE04EC0-301F-11D3-BF4B-00C04F79EFBC}") = "XP Multiplier", "XP Multiplier.csproj", "{DF365787-FAC2-4DEB-A77E-5DBD6D3020AC}"
EndProject
Global
	GlobalSection(SolutionConfigurationPlatforms) = preSolution
		Debug|Any CPU = Debug|Any CPU
		Release|Any CPU = Release|Any CPU
	EndGlobalSection
	GlobalSection(ProjectConfigurationPlatforms) = postSolution
		{DF365787-FAC2-4DEB-A77E-5DBD6D3020AC}.Debug|Any CPU.ActiveCfg = Debug|Any CPU
		{DF365787-FAC2-4DEB-A77E-5DBD6D3020AC}.Debug|Any CPU.Build.0 = Debug|Any CPU
		{DF365787-FAC2-4DEB-A77E-5DBD6D3020AC}.Release|Any CPU.ActiveCfg = Release|Any CPU
		{DF365787-FAC2-4DEB-A77E-5DBD6D3020AC}.Release|Any CPU.Build.0 = Release|Any CPU
	EndGlobalSection
	GlobalSection(SolutionProperties) = preSolution
		HideSolutionNode = FALSE
	EndGlobalSection
	GlobalSection(ExtensibilityGlobals) = postSolution
		SolutionGuid = {F6674782-E346-409C-8EFE-4B23BFE04976}
	EndGlobalSection
EndGlobal
